# THIS IS AN AUTOGENERATED FILE. DO NOT EDIT THIS FILE DIRECTLY.
# yarn lockfile v1


immer@^8.0.0:
  version "8.0.0"
  resolved "https://registry.yarnpkg.com/immer/-/immer-8.0.0.tgz#08763549ba9dd7d5e2eb4bec504a8315bd9440c2"
  integrity sha512-jm87NNBAIG4fHwouilCHIecFXp5rMGkiFrAuhVO685UnMAlOneEAnOyzPt8OnP47TC11q/E7vpzZe0WvwepFTg==
